
Microsoft Visual Studio Solution File, Format Version 12.00
# Visual Studio Version 17
VisualStudioVersion = 17.1.32328.378
MinimumVisualStudioVersion = 10.0.40219.1
Project("{9A19103F-16F7-4668-BE54-9A1E7A4F7556}") = "AppCrypto", "AppCrypto\AppCrypto.csproj", "{95EEDAD0-A155-464D-9659-681D06842D9D}"
EndProject
Project("{FAE04EC0-301F-11D3-BF4B-00C04F79EFBC}") = "TestAppCrypto", "TestAppCrypto\TestAppCrypto.csproj", "{D66132A7-6413-4FFC-9674-98416A6E0E24}"
EndProject
Project("{2150E333-8FDC-42A3-9474-1A3956D46DE8}") = "Solution Items", "Solution Items", "{A29290A5-B7EC-436C-8591-8831BFC87616}"
	ProjectSection(SolutionItems) = preProject
		README.md = README.md
	EndProjectSection
EndProject
Global
	GlobalSection(SolutionConfigurationPlatforms) = preSolution
		Debug|Any CPU = Debug|Any CPU
		Release|Any CPU = Release|Any CPU
	EndGlobalSection
	GlobalSection(ProjectConfigurationPlatforms) = postSolution
		{95EEDAD0-A155-464D-9659-681D06842D9D}.Debug|Any CPU.ActiveCfg = Debug|Any CPU
		{95EEDAD0-A155-464D-9659-681D06842D9D}.Debug|Any CPU.Build.0 = Debug|Any CPU
		{95EEDAD0-A155-464D-9659-681D06842D9D}.Release|Any CPU.ActiveCfg = Release|Any CPU
		{95EEDAD0-A155-464D-9659-681D06842D9D}.Release|Any CPU.Build.0 = Release|Any CPU
		{D66132A7-6413-4FFC-9674-98416A6E0E24}.Debug|Any CPU.ActiveCfg = Debug|Any CPU
		{D66132A7-6413-4FFC-9674-98416A6E0E24}.Debug|Any CPU.Build.0 = Debug|Any CPU
		{D66132A7-6413-4FFC-9674-98416A6E0E24}.Release|Any CPU.ActiveCfg = Release|Any CPU
		{D66132A7-6413-4FFC-9674-98416A6E0E24}.Release|Any CPU.Build.0 = Release|Any CPU
	EndGlobalSection
	GlobalSection(SolutionProperties) = preSolution
		HideSolutionNode = FALSE
	EndGlobalSection
	GlobalSection(ExtensibilityGlobals) = postSolution
		SolutionGuid = {60178969-E8B6-46F1-9046-98F942086D44}
	EndGlobalSection
EndGlobal
